// !$*UTF8*$!
{
	archiveVersion = 1;
	classes = {
	};
	objectVersion = 56;
	objects = {

/* Begin PBXBuildFile section */
		484BEEFD2AB0F5750033C07A /* Specialist.swift in Sources */ = {isa = PBXBuildFile; fileRef = 484BEEFC2AB0F5750033C07A /* Specialist.swift */; };
		484BEEFF2AB0F59D0033C07A /* WebService.swift in Sources */ = {isa = PBXBuildFile; fileRef = 484BEEFE2AB0F59D0033C07A /* WebService.swift */; };
		484BEF012AB0F6090033C07A /* ButtonView.swift in Sources */ = {isa = PBXBuildFile; fileRef = 484BEF002AB0F6090033C07A /* ButtonView.swift */; };
		484BEF032AB0F7080033C07A /* SpecialistCardView.swift in Sources */ = {isa = PBXBuildFile; fileRef = 484BEF022AB0F7080033C07A /* SpecialistCardView.swift */; };
		484BEF052AB0F7970033C07A /* HomeView.swift in Sources */ = {isa = PBXBuildFile; fileRef = 484BEF042AB0F7970033C07A /* HomeView.swift */; };
		48539DED2AB0F47C005BD7C9 /* VollmedApp.swift in Sources */ = {isa = PBXBuildFile; fileRef = 48539DEC2AB0F47C005BD7C9 /* VollmedApp.swift */; };
		48539DEF2AB0F47C005BD7C9 /* ContentView.swift in Sources */ = {isa = PBXBuildFile; fileRef = 48539DEE2AB0F47C005BD7C9 /* ContentView.swift */; };
		48539DF12AB0F47D005BD7C9 /* Assets.xcassets in Resources */ = {isa = PBXBuildFile; fileRef = 48539DF02AB0F47D005BD7C9 /* Assets.xcassets */; };
		48539DF42AB0F47D005BD7C9 /* Preview Assets.xcassets in Resources */ = {isa = PBXBuildFile; fileRef = 48539DF32AB0F47D005BD7C9 /* Preview Assets.xcassets */; };
		6AAB09722B38A6B8009FE259 /* ScheduleAppointmentView.swift in Sources */ = {isa = PBXBuildFile; fileRef = 6AAB09712B38A6B8009FE259 /* ScheduleAppointmentView.swift */; };
		6AAB09752B38A933009FE259 /* Date+.swift in Sources */ = {isa = PBXBuildFile; fileRef = 6AAB09742B38A933009FE259 /* Date+.swift */; };
		6AAB09772B38B501009FE259 /* String+.swift in Sources */ = {isa = PBXBuildFile; fileRef = 6AAB09762B38B501009FE259 /* String+.swift */; };
		6AAB09792B38B6E9009FE259 /* ScheduleAppointment.swift in Sources */ = {isa = PBXBuildFile; fileRef = 6AAB09782B38B6E9009FE259 /* ScheduleAppointment.swift */; };
		6AAB097B2B38C201009FE259 /* MyAppointmentsView.swift in Sources */ = {isa = PBXBuildFile; fileRef = 6AAB097A2B38C201009FE259 /* MyAppointmentsView.swift */; };
		6AAB097D2B38C9CD009FE259 /* Appointment.swift in Sources */ = {isa = PBXBuildFile; fileRef = 6AAB097C2B38C9CD009FE259 /* Appointment.swift */; };
		6AAB097F2B38D2B2009FE259 /* CancelAppointmentView.swift in Sources */ = {isa = PBXBuildFile; fileRef = 6AAB097E2B38D2B2009FE259 /* CancelAppointmentView.swift */; };
		6ADA3AC12B3B100E0009C5FE /* SignInView.swift in Sources */ = {isa = PBXBuildFile; fileRef = 6ADA3AC02B3B100E0009C5FE /* SignInView.swift */; };
		6ADA3AC32B3B127E0009C5FE /* SignUpView.swift in Sources */ = {isa = PBXBuildFile; fileRef = 6ADA3AC22B3B127E0009C5FE /* SignUpView.swift */; };
		6ADA3AC52B3B24B40009C5FE /* InputFieldView.swift in Sources */ = {isa = PBXBuildFile; fileRef = 6ADA3AC42B3B24B40009C5FE /* InputFieldView.swift */; };
		6ADA3AC72B3B2C1B0009C5FE /* Patient.swift in Sources */ = {isa = PBXBuildFile; fileRef = 6ADA3AC62B3B2C1B0009C5FE /* Patient.swift */; };
		6ADA3AC92B3B457D0009C5FE /* Login.swift in Sources */ = {isa = PBXBuildFile; fileRef = 6ADA3AC82B3B457D0009C5FE /* Login.swift */; };
		6ADA3ACB2B3B6B280009C5FE /* UserDefaultsHelper.swift in Sources */ = {isa = PBXBuildFile; fileRef = 6ADA3ACA2B3B6B280009C5FE /* UserDefaultsHelper.swift */; };
		6ADA3ACD2B3B7C0D0009C5FE /* LoadingView.swift in Sources */ = {isa = PBXBuildFile; fileRef = 6ADA3ACC2B3B7C0D0009C5FE /* LoadingView.swift */; };
		6ADA3ACF2B3B91790009C5FE /* KeychainHelper.swift in Sources */ = {isa = PBXBuildFile; fileRef = 6ADA3ACE2B3B91790009C5FE /* KeychainHelper.swift */; };
		6ADA3AD22B3B95B00009C5FE /* AuthenticationManager.swift in Sources */ = {isa = PBXBuildFile; fileRef = 6ADA3AD12B3B95B00009C5FE /* AuthenticationManager.swift */; };
		6AF915992B3C62250020436F /* HomeViewModel.swift in Sources */ = {isa = PBXBuildFile; fileRef = 6AF915982B3C62250020436F /* HomeViewModel.swift */; };
		6AF9159F2B3C6A3B0020436F /* Endpoint.swift in Sources */ = {isa = PBXBuildFile; fileRef = 6AF9159E2B3C6A3B0020436F /* Endpoint.swift */; };
		6AF915A12B3C6BC00020436F /* RequestMethod.swift in Sources */ = {isa = PBXBuildFile; fileRef = 6AF915A02B3C6BC00020436F /* RequestMethod.swift */; };
		6AF915A32B3C6C4A0020436F /* RequestError.swift in Sources */ = {isa = PBXBuildFile; fileRef = 6AF915A22B3C6C4A0020436F /* RequestError.swift */; };
		6AF915A52B3C6D2E0020436F /* HTTPClient.swift in Sources */ = {isa = PBXBuildFile; fileRef = 6AF915A42B3C6D2E0020436F /* HTTPClient.swift */; };
		6AF915A72B3C73A50020436F /* HomeEndpoint.swift in Sources */ = {isa = PBXBuildFile; fileRef = 6AF915A62B3C73A50020436F /* HomeEndpoint.swift */; };
		6AF915A92B3C75D80020436F /* HomeNetworkingService.swift in Sources */ = {isa = PBXBuildFile; fileRef = 6AF915A82B3C75D80020436F /* HomeNetworkingService.swift */; };
		6AF915AB2B3C7C960020436F /* AuthenticationEndpoint.swift in Sources */ = {isa = PBXBuildFile; fileRef = 6AF915AA2B3C7C960020436F /* AuthenticationEndpoint.swift */; };
		6AF915AD2B3C7E2C0020436F /* AuthenticationService.swift in Sources */ = {isa = PBXBuildFile; fileRef = 6AF915AC2B3C7E2C0020436F /* AuthenticationService.swift */; };
		6AF915B02B3C9E750020436F /* SnackBarErrorView.swift in Sources */ = {isa = PBXBuildFile; fileRef = 6AF915AF2B3C9E750020436F /* SnackBarErrorView.swift */; };
		6AF915B22B3CA4070020436F /* UIApplication+.swift in Sources */ = {isa = PBXBuildFile; fileRef = 6AF915B12B3CA4070020436F /* UIApplication+.swift */; };
		6AF915B52B3CB6C80020436F /* SkeletonView.swift in Sources */ = {isa = PBXBuildFile; fileRef = 6AF915B42B3CB6C80020436F /* SkeletonView.swift */; };
		6AF915B72B3CBB460020436F /* RedactedAnimationModifier.swift in Sources */ = {isa = PBXBuildFile; fileRef = 6AF915B62B3CBB460020436F /* RedactedAnimationModifier.swift */; };
		6AF915B92B3CD26D0020436F /* AppointmentsEndpoint.swift in Sources */ = {isa = PBXBuildFile; fileRef = 6AF915B82B3CD26D0020436F /* AppointmentsEndpoint.swift */; };
		6AF915BB2B3CD6130020436F /* AppointmentsNetworkingService.swift in Sources */ = {isa = PBXBuildFile; fileRef = 6AF915BA2B3CD6130020436F /* AppointmentsNetworkingService.swift */; };
		6AF915BD2B3CD7630020436F /* AppointmentsViewModel.swift in Sources */ = {isa = PBXBuildFile; fileRef = 6AF915BC2B3CD7630020436F /* AppointmentsViewModel.swift */; };
/* End PBXBuildFile section */

/* Begin PBXFileReference section */
		484BEEFC2AB0F5750033C07A /* Specialist.swift */ = {isa = PBXFileReference; lastKnownFileType = sourcecode.swift; path = Specialist.swift; sourceTree = "<group>"; };
		484BEEFE2AB0F59D0033C07A /* WebService.swift */ = {isa = PBXFileReference; lastKnownFileType = sourcecode.swift; path = WebService.swift; sourceTree = "<group>"; };
		484BEF002AB0F6090033C07A /* ButtonView.swift */ = {isa = PBXFileReference; lastKnownFileType = sourcecode.swift; path = ButtonView.swift; sourceTree = "<group>"; };
		484BEF022AB0F7080033C07A /* SpecialistCardView.swift */ = {isa = PBXFileReference; lastKnownFileType = sourcecode.swift; path = SpecialistCardView.swift; sourceTree = "<group>"; };
		484BEF042AB0F7970033C07A /* HomeView.swift */ = {isa = PBXFileReference; lastKnownFileType = sourcecode.swift; path = HomeView.swift; sourceTree = "<group>"; };
		48539DE92AB0F47C005BD7C9 /* Vollmed.app */ = {isa = PBXFileReference; explicitFileType = wrapper.application; includeInIndex = 0; path = Vollmed.app; sourceTree = BUILT_PRODUCTS_DIR; };
		48539DEC2AB0F47C005BD7C9 /* VollmedApp.swift */ = {isa = PBXFileReference; lastKnownFileType = sourcecode.swift; path = VollmedApp.swift; sourceTree = "<group>"; };
		48539DEE2AB0F47C005BD7C9 /* ContentView.swift */ = {isa = PBXFileReference; lastKnownFileType = sourcecode.swift; path = ContentView.swift; sourceTree = "<group>"; };
		48539DF02AB0F47D005BD7C9 /* Assets.xcassets */ = {isa = PBXFileReference; lastKnownFileType = folder.assetcatalog; path = Assets.xcassets; sourceTree = "<group>"; };
		48539DF32AB0F47D005BD7C9 /* Preview Assets.xcassets */ = {isa = PBXFileReference; lastKnownFileType = folder.assetcatalog; path = "Preview Assets.xcassets"; sourceTree = "<group>"; };
		6AAB09712B38A6B8009FE259 /* ScheduleAppointmentView.swift */ = {isa = PBXFileReference; lastKnownFileType = sourcecode.swift; path = ScheduleAppointmentView.swift; sourceTree = "<group>"; };
		6AAB09742B38A933009FE259 /* Date+.swift */ = {isa = PBXFileReference; lastKnownFileType = sourcecode.swift; path = "Date+.swift"; sourceTree = "<group>"; };
		6AAB09762B38B501009FE259 /* String+.swift */ = {isa = PBXFileReference; lastKnownFileType = sourcecode.swift; path = "String+.swift"; sourceTree = "<group>"; };
		6AAB09782B38B6E9009FE259 /* ScheduleAppointment.swift */ = {isa = PBXFileReference; lastKnownFileType = sourcecode.swift; path = ScheduleAppointment.swift; sourceTree = "<group>"; };
		6AAB097A2B38C201009FE259 /* MyAppointmentsView.swift */ = {isa = PBXFileReference; lastKnownFileType = sourcecode.swift; path = MyAppointmentsView.swift; sourceTree = "<group>"; };
		6AAB097C2B38C9CD009FE259 /* Appointment.swift */ = {isa = PBXFileReference; lastKnownFileType = sourcecode.swift; path = Appointment.swift; sourceTree = "<group>"; };
		6AAB097E2B38D2B2009FE259 /* CancelAppointmentView.swift */ = {isa = PBXFileReference; lastKnownFileType = sourcecode.swift; path = CancelAppointmentView.swift; sourceTree = "<group>"; };
		6ADA3AC02B3B100E0009C5FE /* SignInView.swift */ = {isa = PBXFileReference; lastKnownFileType = sourcecode.swift; path = SignInView.swift; sourceTree = "<group>"; };
		6ADA3AC22B3B127E0009C5FE /* SignUpView.swift */ = {isa = PBXFileReference; lastKnownFileType = sourcecode.swift; path = SignUpView.swift; sourceTree = "<group>"; };
		6ADA3AC42B3B24B40009C5FE /* InputFieldView.swift */ = {isa = PBXFileReference; lastKnownFileType = sourcecode.swift; path = InputFieldView.swift; sourceTree = "<group>"; };
		6ADA3AC62B3B2C1B0009C5FE /* Patient.swift */ = {isa = PBXFileReference; lastKnownFileType = sourcecode.swift; path = Patient.swift; sourceTree = "<group>"; };
		6ADA3AC82B3B457D0009C5FE /* Login.swift */ = {isa = PBXFileReference; lastKnownFileType = sourcecode.swift; path = Login.swift; sourceTree = "<group>"; };
		6ADA3ACA2B3B6B280009C5FE /* UserDefaultsHelper.swift */ = {isa = PBXFileReference; lastKnownFileType = sourcecode.swift; path = UserDefaultsHelper.swift; sourceTree = "<group>"; };
		6ADA3ACC2B3B7C0D0009C5FE /* LoadingView.swift */ = {isa = PBXFileReference; lastKnownFileType = sourcecode.swift; path = LoadingView.swift; sourceTree = "<group>"; };
		6ADA3ACE2B3B91790009C5FE /* KeychainHelper.swift */ = {isa = PBXFileReference; lastKnownFileType = sourcecode.swift; path = KeychainHelper.swift; sourceTree = "<group>"; };
		6ADA3AD12B3B95B00009C5FE /* AuthenticationManager.swift */ = {isa = PBXFileReference; lastKnownFileType = sourcecode.swift; path = AuthenticationManager.swift; sourceTree = "<group>"; };
		6AF915982B3C62250020436F /* HomeViewModel.swift */ = {isa = PBXFileReference; lastKnownFileType = sourcecode.swift; path = HomeViewModel.swift; sourceTree = "<group>"; };
		6AF9159E2B3C6A3B0020436F /* Endpoint.swift */ = {isa = PBXFileReference; lastKnownFileType = sourcecode.swift; path = Endpoint.swift; sourceTree = "<group>"; };
		6AF915A02B3C6BC00020436F /* RequestMethod.swift */ = {isa = PBXFileReference; lastKnownFileType = sourcecode.swift; path = RequestMethod.swift; sourceTree = "<group>"; };
		6AF915A22B3C6C4A0020436F /* RequestError.swift */ = {isa = PBXFileReference; lastKnownFileType = sourcecode.swift; path = RequestError.swift; sourceTree = "<group>"; };
		6AF915A42B3C6D2E0020436F /* HTTPClient.swift */ = {isa = PBXFileReference; lastKnownFileType = sourcecode.swift; path = HTTPClient.swift; sourceTree = "<group>"; };
		6AF915A62B3C73A50020436F /* HomeEndpoint.swift */ = {isa = PBXFileReference; lastKnownFileType = sourcecode.swift; path = HomeEndpoint.swift; sourceTree = "<group>"; };
		6AF915A82B3C75D80020436F /* HomeNetworkingService.swift */ = {isa = PBXFileReference; lastKnownFileType = sourcecode.swift; path = HomeNetworkingService.swift; sourceTree = "<group>"; };
		6AF915AA2B3C7C960020436F /* AuthenticationEndpoint.swift */ = {isa = PBXFileReference; lastKnownFileType = sourcecode.swift; path = AuthenticationEndpoint.swift; sourceTree = "<group>"; };
		6AF915AC2B3C7E2C0020436F /* AuthenticationService.swift */ = {isa = PBXFileReference; lastKnownFileType = sourcecode.swift; path = AuthenticationService.swift; sourceTree = "<group>"; };
		6AF915AF2B3C9E750020436F /* SnackBarErrorView.swift */ = {isa = PBXFileReference; lastKnownFileType = sourcecode.swift; path = SnackBarErrorView.swift; sourceTree = "<group>"; };
		6AF915B12B3CA4070020436F /* UIApplication+.swift */ = {isa = PBXFileReference; lastKnownFileType = sourcecode.swift; path = "UIApplication+.swift"; sourceTree = "<group>"; };
		6AF915B42B3CB6C80020436F /* SkeletonView.swift */ = {isa = PBXFileReference; lastKnownFileType = sourcecode.swift; path = SkeletonView.swift; sourceTree = "<group>"; };
		6AF915B62B3CBB460020436F /* RedactedAnimationModifier.swift */ = {isa = PBXFileReference; lastKnownFileType = sourcecode.swift; path = RedactedAnimationModifier.swift; sourceTree = "<group>"; };
		6AF915B82B3CD26D0020436F /* AppointmentsEndpoint.swift */ = {isa = PBXFileReference; lastKnownFileType = sourcecode.swift; path = AppointmentsEndpoint.swift; sourceTree = "<group>"; };
		6AF915BA2B3CD6130020436F /* AppointmentsNetworkingService.swift */ = {isa = PBXFileReference; lastKnownFileType = sourcecode.swift; path = AppointmentsNetworkingService.swift; sourceTree = "<group>"; };
		6AF915BC2B3CD7630020436F /* AppointmentsViewModel.swift */ = {isa = PBXFileReference; lastKnownFileType = sourcecode.swift; path = AppointmentsViewModel.swift; sourceTree = "<group>"; };
/* End PBXFileReference section */

/* Begin PBXFrameworksBuildPhase section */
		48539DE62AB0F47C005BD7C9 /* Frameworks */ = {
			isa = PBXFrameworksBuildPhase;
			buildActionMask = 2147483647;
			files = (
			);
			runOnlyForDeploymentPostprocessing = 0;
		};
/* End PBXFrameworksBuildPhase section */

/* Begin PBXGroup section */
		484BEEF82AB0F55F0033C07A /* Views */ = {
			isa = PBXGroup;
			children = (
				6AF915B32B3CB6BC0020436F /* Skeleton */,
				6AF915AE2B3C9E540020436F /* SnackBarView */,
				484BEEF92AB0F5630033C07A /* Components */,
				484BEF042AB0F7970033C07A /* HomeView.swift */,
				6AAB09712B38A6B8009FE259 /* ScheduleAppointmentView.swift */,
				6AAB097A2B38C201009FE259 /* MyAppointmentsView.swift */,
				6AAB097E2B38D2B2009FE259 /* CancelAppointmentView.swift */,
				6ADA3AC02B3B100E0009C5FE /* SignInView.swift */,
				6ADA3AC22B3B127E0009C5FE /* SignUpView.swift */,
			);
			path = Views;
			sourceTree = "<group>";
		};
		484BEEF92AB0F5630033C07A /* Components */ = {
			isa = PBXGroup;
			children = (
				484BEF002AB0F6090033C07A /* ButtonView.swift */,
				484BEF022AB0F7080033C07A /* SpecialistCardView.swift */,
				6ADA3AC42B3B24B40009C5FE /* InputFieldView.swift */,
				6ADA3ACC2B3B7C0D0009C5FE /* LoadingView.swift */,
			);
			path = Components;
			sourceTree = "<group>";
		};
		484BEEFA2AB0F5680033C07A /* Models */ = {
			isa = PBXGroup;
			children = (
				484BEEFC2AB0F5750033C07A /* Specialist.swift */,
				6AAB09782B38B6E9009FE259 /* ScheduleAppointment.swift */,
				6AAB097C2B38C9CD009FE259 /* Appointment.swift */,
				6ADA3AC62B3B2C1B0009C5FE /* Patient.swift */,
				6ADA3AC82B3B457D0009C5FE /* Login.swift */,
			);
			path = Models;
			sourceTree = "<group>";
		};
		484BEEFB2AB0F56C0033C07A /* Services */ = {
			isa = PBXGroup;
			children = (
				484BEEFE2AB0F59D0033C07A /* WebService.swift */,
				6ADA3ACA2B3B6B280009C5FE /* UserDefaultsHelper.swift */,
				6ADA3ACE2B3B91790009C5FE /* KeychainHelper.swift */,
			);
			path = Services;
			sourceTree = "<group>";
		};
		48539DE02AB0F47C005BD7C9 = {
			isa = PBXGroup;
			children = (
				48539DEB2AB0F47C005BD7C9 /* Vollmed */,
				48539DEA2AB0F47C005BD7C9 /* Products */,
			);
			sourceTree = "<group>";
		};
		48539DEA2AB0F47C005BD7C9 /* Products */ = {
			isa = PBXGroup;
			children = (
				48539DE92AB0F47C005BD7C9 /* Vollmed.app */,
			);
			name = Products;
			sourceTree = "<group>";
		};
		48539DEB2AB0F47C005BD7C9 /* Vollmed */ = {
			isa = PBXGroup;
			children = (
				6ADA3AD02B3B95A30009C5FE /* Managers */,
				6AAB09732B38A924009FE259 /* Extensions */,
				6AF915972B3C61E00020436F /* ViewModels */,
				484BEEFB2AB0F56C0033C07A /* Services */,
				484BEEFA2AB0F5680033C07A /* Models */,
				484BEEF82AB0F55F0033C07A /* Views */,
				6AF9159A2B3C69E10020436F /* Networking */,
				48539DEC2AB0F47C005BD7C9 /* VollmedApp.swift */,
				48539DEE2AB0F47C005BD7C9 /* ContentView.swift */,
				48539DF02AB0F47D005BD7C9 /* Assets.xcassets */,
				48539DF22AB0F47D005BD7C9 /* Preview Content */,
			);
			path = Vollmed;
			sourceTree = "<group>";
		};
		48539DF22AB0F47D005BD7C9 /* Preview Content */ = {
			isa = PBXGroup;
			children = (
				48539DF32AB0F47D005BD7C9 /* Preview Assets.xcassets */,
			);
			path = "Preview Content";
			sourceTree = "<group>";
		};
		6AAB09732B38A924009FE259 /* Extensions */ = {
			isa = PBXGroup;
			children = (
				6AAB09742B38A933009FE259 /* Date+.swift */,
				6AAB09762B38B501009FE259 /* String+.swift */,
				6AF915B12B3CA4070020436F /* UIApplication+.swift */,
				6AF915B62B3CBB460020436F /* RedactedAnimationModifier.swift */,
			);
			path = Extensions;
			sourceTree = "<group>";
		};
		6ADA3AD02B3B95A30009C5FE /* Managers */ = {
			isa = PBXGroup;
			children = (
				6ADA3AD12B3B95B00009C5FE /* AuthenticationManager.swift */,
			);
			path = Managers;
			sourceTree = "<group>";
		};
		6AF915972B3C61E00020436F /* ViewModels */ = {
			isa = PBXGroup;
			children = (
				6AF915982B3C62250020436F /* HomeViewModel.swift */,
				6AF915BC2B3CD7630020436F /* AppointmentsViewModel.swift */,
			);
			path = ViewModels;
			sourceTree = "<group>";
		};
		6AF9159A2B3C69E10020436F /* Networking */ = {
			isa = PBXGroup;
			children = (
				6AF9159B2B3C69F60020436F /* Base */,
				6AF9159C2B3C69FE0020436F /* Endpoints */,
				6AF9159D2B3C6A0D0020436F /* Services */,
			);
			path = Networking;
			sourceTree = "<group>";
		};
		6AF9159B2B3C69F60020436F /* Base */ = {
			isa = PBXGroup;
			children = (
				6AF9159E2B3C6A3B0020436F /* Endpoint.swift */,
				6AF915A02B3C6BC00020436F /* RequestMethod.swift */,
				6AF915A22B3C6C4A0020436F /* RequestError.swift */,
				6AF915A42B3C6D2E0020436F /* HTTPClient.swift */,
			);
			path = Base;
			sourceTree = "<group>";
		};
		6AF9159C2B3C69FE0020436F /* Endpoints */ = {
			isa = PBXGroup;
			children = (
				6AF915A62B3C73A50020436F /* HomeEndpoint.swift */,
				6AF915AA2B3C7C960020436F /* AuthenticationEndpoint.swift */,
				6AF915B82B3CD26D0020436F /* AppointmentsEndpoint.swift */,
			);
			path = Endpoints;
			sourceTree = "<group>";
		};
		6AF9159D2B3C6A0D0020436F /* Services */ = {
			isa = PBXGroup;
			children = (
				6AF915A82B3C75D80020436F /* HomeNetworkingService.swift */,
				6AF915AC2B3C7E2C0020436F /* AuthenticationService.swift */,
				6AF915BA2B3CD6130020436F /* AppointmentsNetworkingService.swift */,
			);
			path = Services;
			sourceTree = "<group>";
		};
		6AF915AE2B3C9E540020436F /* SnackBarView */ = {
			isa = PBXGroup;
			children = (
				6AF915AF2B3C9E750020436F /* SnackBarErrorView.swift */,
			);
			path = SnackBarView;
			sourceTree = "<group>";
		};
		6AF915B32B3CB6BC0020436F /* Skeleton */ = {
			isa = PBXGroup;
			children = (
				6AF915B42B3CB6C80020436F /* SkeletonView.swift */,
			);
			path = Skeleton;
			sourceTree = "<group>";
		};
/* End PBXGroup section */

/* Begin PBXNativeTarget section */
		48539DE82AB0F47C005BD7C9 /* Vollmed */ = {
			isa = PBXNativeTarget;
			buildConfigurationList = 48539DF72AB0F47D005BD7C9 /* Build configuration list for PBXNativeTarget "Vollmed" */;
			buildPhases = (
				48539DE52AB0F47C005BD7C9 /* Sources */,
				48539DE62AB0F47C005BD7C9 /* Frameworks */,
				48539DE72AB0F47C005BD7C9 /* Resources */,
			);
			buildRules = (
			);
			dependencies = (
			);
			name = Vollmed;
			productName = Vollmed;
			productReference = 48539DE92AB0F47C005BD7C9 /* Vollmed.app */;
			productType = "com.apple.product-type.application";
		};
/* End PBXNativeTarget section */

/* Begin PBXProject section */
		48539DE12AB0F47C005BD7C9 /* Project object */ = {
			isa = PBXProject;
			attributes = {
				BuildIndependentTargetsInParallel = 1;
				LastSwiftUpdateCheck = 1500;
				LastUpgradeCheck = 1500;
				TargetAttributes = {
					48539DE82AB0F47C005BD7C9 = {
						CreatedOnToolsVersion = 15.0;
					};
				};
			};
			buildConfigurationList = 48539DE42AB0F47C005BD7C9 /* Build configuration list for PBXProject "Vollmed" */;
			compatibilityVersion = "Xcode 14.0";
			developmentRegion = en;
			hasScannedForEncodings = 0;
			knownRegions = (
				en,
				Base,
			);
			mainGroup = 48539DE02AB0F47C005BD7C9;
			productRefGroup = 48539DEA2AB0F47C005BD7C9 /* Products */;
			projectDirPath = "";
			projectRoot = "";
			targets = (
				48539DE82AB0F47C005BD7C9 /* Vollmed */,
			);
		};
/* End PBXProject section */

/* Begin PBXResourcesBuildPhase section */
		48539DE72AB0F47C005BD7C9 /* Resources */ = {
			isa = PBXResourcesBuildPhase;
			buildActionMask = 2147483647;
			files = (
				48539DF42AB0F47D005BD7C9 /* Preview Assets.xcassets in Resources */,
				48539DF12AB0F47D005BD7C9 /* Assets.xcassets in Resources */,
			);
			runOnlyForDeploymentPostprocessing = 0;
		};
/* End PBXResourcesBuildPhase section */

/* Begin PBXSourcesBuildPhase section */
		48539DE52AB0F47C005BD7C9 /* Sources */ = {
			isa = PBXSourcesBuildPhase;
			buildActionMask = 2147483647;
			files = (
				6AF915A12B3C6BC00020436F /* RequestMethod.swift in Sources */,
				6AF915B52B3CB6C80020436F /* SkeletonView.swift in Sources */,
				6AAB097D2B38C9CD009FE259 /* Appointment.swift in Sources */,
				6AF915BD2B3CD7630020436F /* AppointmentsViewModel.swift in Sources */,
				6AAB09752B38A933009FE259 /* Date+.swift in Sources */,
				6AAB09792B38B6E9009FE259 /* ScheduleAppointment.swift in Sources */,
				48539DEF2AB0F47C005BD7C9 /* ContentView.swift in Sources */,
				6AAB09772B38B501009FE259 /* String+.swift in Sources */,
				6ADA3ACF2B3B91790009C5FE /* KeychainHelper.swift in Sources */,
				6AF915AD2B3C7E2C0020436F /* AuthenticationService.swift in Sources */,
				6ADA3AC52B3B24B40009C5FE /* InputFieldView.swift in Sources */,
				6AF915A32B3C6C4A0020436F /* RequestError.swift in Sources */,
				6AF915BB2B3CD6130020436F /* AppointmentsNetworkingService.swift in Sources */,
				484BEF052AB0F7970033C07A /* HomeView.swift in Sources */,
				6AF915A52B3C6D2E0020436F /* HTTPClient.swift in Sources */,
				6AAB097F2B38D2B2009FE259 /* CancelAppointmentView.swift in Sources */,
				6AF915AB2B3C7C960020436F /* AuthenticationEndpoint.swift in Sources */,
				484BEEFD2AB0F5750033C07A /* Specialist.swift in Sources */,
				484BEF012AB0F6090033C07A /* ButtonView.swift in Sources */,
				6ADA3ACB2B3B6B280009C5FE /* UserDefaultsHelper.swift in Sources */,
				6ADA3AC12B3B100E0009C5FE /* SignInView.swift in Sources */,
				6ADA3ACD2B3B7C0D0009C5FE /* LoadingView.swift in Sources */,
				6ADA3AC72B3B2C1B0009C5FE /* Patient.swift in Sources */,
				6AF915B72B3CBB460020436F /* RedactedAnimationModifier.swift in Sources */,
				484BEF032AB0F7080033C07A /* SpecialistCardView.swift in Sources */,
				6ADA3AC92B3B457D0009C5FE /* Login.swift in Sources */,
				484BEEFF2AB0F59D0033C07A /* WebService.swift in Sources */,
				6ADA3AC32B3B127E0009C5FE /* SignUpView.swift in Sources */,
				6AF915992B3C62250020436F /* HomeViewModel.swift in Sources */,
				6AF915B92B3CD26D0020436F /* AppointmentsEndpoint.swift in Sources */,
				48539DED2AB0F47C005BD7C9 /* VollmedApp.swift in Sources */,
				6AF915A72B3C73A50020436F /* HomeEndpoint.swift in Sources */,
				6AAB097B2B38C201009FE259 /* MyAppointmentsView.swift in Sources */,
				6AF915B22B3CA4070020436F /* UIApplication+.swift in Sources */,
				6ADA3AD22B3B95B00009C5FE /* AuthenticationManager.swift in Sources */,
				6AAB09722B38A6B8009FE259 /* ScheduleAppointmentView.swift in Sources */,
				6AF915A92B3C75D80020436F /* HomeNetworkingService.swift in Sources */,
				6AF915B02B3C9E750020436F /* SnackBarErrorView.swift in Sources */,
				6AF9159F2B3C6A3B0020436F /* Endpoint.swift in Sources */,
			);
			runOnlyForDeploymentPostprocessing = 0;
		};
/* End PBXSourcesBuildPhase section */

/* Begin XCBuildConfiguration section */
		48539DF52AB0F47D005BD7C9 /* Debug */ = {
			isa = XCBuildConfiguration;
			buildSettings = {
				ALWAYS_SEARCH_USER_PATHS = NO;
				ASSETCATALOG_COMPILER_GENERATE_SWIFT_ASSET_SYMBOL_EXTENSIONS = YES;
				CLANG_ANALYZER_NONNULL = YES;
				CLANG_ANALYZER_NUMBER_OBJECT_CONVERSION = YES_AGGRESSIVE;
				CLANG_CXX_LANGUAGE_STANDARD = "gnu++20";
				CLANG_ENABLE_MODULES = YES;
				CLANG_ENABLE_OBJC_ARC = YES;
				CLANG_ENABLE_OBJC_WEAK = YES;
				CLANG_WARN_BLOCK_CAPTURE_AUTORELEASING = YES;
				CLANG_WARN_BOOL_CONVERSION = YES;
				CLANG_WARN_COMMA = YES;
				CLANG_WARN_CONSTANT_CONVERSION = YES;
				CLANG_WARN_DEPRECATED_OBJC_IMPLEMENTATIONS = YES;
				CLANG_WARN_DIRECT_OBJC_ISA_USAGE = YES_ERROR;
				CLANG_WARN_DOCUMENTATION_COMMENTS = YES;
				CLANG_WARN_EMPTY_BODY = YES;
				CLANG_WARN_ENUM_CONVERSION = YES;
				CLANG_WARN_INFINITE_RECURSION = YES;
				CLANG_WARN_INT_CONVERSION = YES;
				CLANG_WARN_NON_LITERAL_NULL_CONVERSION = YES;
				CLANG_WARN_OBJC_IMPLICIT_RETAIN_SELF = YES;
				CLANG_WARN_OBJC_LITERAL_CONVERSION = YES;
				CLANG_WARN_OBJC_ROOT_CLASS = YES_ERROR;
				CLANG_WARN_QUOTED_INCLUDE_IN_FRAMEWORK_HEADER = YES;
				CLANG_WARN_RANGE_LOOP_ANALYSIS = YES;
				CLANG_WARN_STRICT_PROTOTYPES = YES;
				CLANG_WARN_SUSPICIOUS_MOVE = YES;
				CLANG_WARN_UNGUARDED_AVAILABILITY = YES_AGGRESSIVE;
				CLANG_WARN_UNREACHABLE_CODE = YES;
				CLANG_WARN__DUPLICATE_METHOD_MATCH = YES;
				COPY_PHASE_STRIP = NO;
				DEBUG_INFORMATION_FORMAT = dwarf;
				ENABLE_STRICT_OBJC_MSGSEND = YES;
				ENABLE_TESTABILITY = YES;
				ENABLE_USER_SCRIPT_SANDBOXING = YES;
				GCC_C_LANGUAGE_STANDARD = gnu17;
				GCC_DYNAMIC_NO_PIC = NO;
				GCC_NO_COMMON_BLOCKS = YES;
				GCC_OPTIMIZATION_LEVEL = 0;
				GCC_PREPROCESSOR_DEFINITIONS = (
					"DEBUG=1",
					"$(inherited)",
				);
				GCC_WARN_64_TO_32_BIT_CONVERSION = YES;
				GCC_WARN_ABOUT_RETURN_TYPE = YES_ERROR;
				GCC_WARN_UNDECLARED_SELECTOR = YES;
				GCC_WARN_UNINITIALIZED_AUTOS = YES_AGGRESSIVE;
				GCC_WARN_UNUSED_FUNCTION = YES;
				GCC_WARN_UNUSED_VARIABLE = YES;
				IPHONEOS_DEPLOYMENT_TARGET = 17.0;
				LOCALIZATION_PREFERS_STRING_CATALOGS = YES;
				MTL_ENABLE_DEBUG_INFO = INCLUDE_SOURCE;
				MTL_FAST_MATH = YES;
				ONLY_ACTIVE_ARCH = YES;
				SDKROOT = iphoneos;
				SWIFT_ACTIVE_COMPILATION_CONDITIONS = "DEBUG $(inherited)";
				SWIFT_OPTIMIZATION_LEVEL = "-Onone";
			};
			name = Debug;
		};
		48539DF62AB0F47D005BD7C9 /* Release */ = {
			isa = XCBuildConfiguration;
			buildSettings = {
				ALWAYS_SEARCH_USER_PATHS = NO;
				ASSETCATALOG_COMPILER_GENERATE_SWIFT_ASSET_SYMBOL_EXTENSIONS = YES;
				CLANG_ANALYZER_NONNULL = YES;
				CLANG_ANALYZER_NUMBER_OBJECT_CONVERSION = YES_AGGRESSIVE;
				CLANG_CXX_LANGUAGE_STANDARD = "gnu++20";
				CLANG_ENABLE_MODULES = YES;
				CLANG_ENABLE_OBJC_ARC = YES;
				CLANG_ENABLE_OBJC_WEAK = YES;
				CLANG_WARN_BLOCK_CAPTURE_AUTORELEASING = YES;
				CLANG_WARN_BOOL_CONVERSION = YES;
				CLANG_WARN_COMMA = YES;
				CLANG_WARN_CONSTANT_CONVERSION = YES;
				CLANG_WARN_DEPRECATED_OBJC_IMPLEMENTATIONS = YES;
				CLANG_WARN_DIRECT_OBJC_ISA_USAGE = YES_ERROR;
				CLANG_WARN_DOCUMENTATION_COMMENTS = YES;
				CLANG_WARN_EMPTY_BODY = YES;
				CLANG_WARN_ENUM_CONVERSION = YES;
				CLANG_WARN_INFINITE_RECURSION = YES;
				CLANG_WARN_INT_CONVERSION = YES;
				CLANG_WARN_NON_LITERAL_NULL_CONVERSION = YES;
				CLANG_WARN_OBJC_IMPLICIT_RETAIN_SELF = YES;
				CLANG_WARN_OBJC_LITERAL_CONVERSION = YES;
				CLANG_WARN_OBJC_ROOT_CLASS = YES_ERROR;
				CLANG_WARN_QUOTED_INCLUDE_IN_FRAMEWORK_HEADER = YES;
				CLANG_WARN_RANGE_LOOP_ANALYSIS = YES;
				CLANG_WARN_STRICT_PROTOTYPES = YES;
				CLANG_WARN_SUSPICIOUS_MOVE = YES;
				CLANG_WARN_UNGUARDED_AVAILABILITY = YES_AGGRESSIVE;
				CLANG_WARN_UNREACHABLE_CODE = YES;
				CLANG_WARN__DUPLICATE_METHOD_MATCH = YES;
				COPY_PHASE_STRIP = NO;
				DEBUG_INFORMATION_FORMAT = "dwarf-with-dsym";
				ENABLE_NS_ASSERTIONS = NO;
				ENABLE_STRICT_OBJC_MSGSEND = YES;
				ENABLE_USER_SCRIPT_SANDBOXING = YES;
				GCC_C_LANGUAGE_STANDARD = gnu17;
				GCC_NO_COMMON_BLOCKS = YES;
				GCC_WARN_64_TO_32_BIT_CONVERSION = YES;
				GCC_WARN_ABOUT_RETURN_TYPE = YES_ERROR;
				GCC_WARN_UNDECLARED_SELECTOR = YES;
				GCC_WARN_UNINITIALIZED_AUTOS = YES_AGGRESSIVE;
				GCC_WARN_UNUSED_FUNCTION = YES;
				GCC_WARN_UNUSED_VARIABLE = YES;
				IPHONEOS_DEPLOYMENT_TARGET = 17.0;
				LOCALIZATION_PREFERS_STRING_CATALOGS = YES;
				MTL_ENABLE_DEBUG_INFO = NO;
				MTL_FAST_MATH = YES;
				SDKROOT = iphoneos;
				SWIFT_COMPILATION_MODE = wholemodule;
				VALIDATE_PRODUCT = YES;
			};
			name = Release;
		};
		48539DF82AB0F47D005BD7C9 /* Debug */ = {
			isa = XCBuildConfiguration;
			buildSettings = {
				ASSETCATALOG_COMPILER_APPICON_NAME = AppIcon;
				ASSETCATALOG_COMPILER_GLOBAL_ACCENT_COLOR_NAME = AccentColor;
				CODE_SIGN_STYLE = Automatic;
				CURRENT_PROJECT_VERSION = 1;
				DEVELOPMENT_ASSET_PATHS = "\"Vollmed/Preview Content\"";
				DEVELOPMENT_TEAM = 4V85FNBTJU;
				ENABLE_PREVIEWS = YES;
				GENERATE_INFOPLIST_FILE = YES;
				INFOPLIST_KEY_UIApplicationSceneManifest_Generation = YES;
				INFOPLIST_KEY_UIApplicationSupportsIndirectInputEvents = YES;
				INFOPLIST_KEY_UILaunchScreen_Generation = YES;
				INFOPLIST_KEY_UISupportedInterfaceOrientations_iPad = "UIInterfaceOrientationPortrait UIInterfaceOrientationPortraitUpsideDown UIInterfaceOrientationLandscapeLeft UIInterfaceOrientationLandscapeRight";
				INFOPLIST_KEY_UISupportedInterfaceOrientations_iPhone = "UIInterfaceOrientationPortrait UIInterfaceOrientationLandscapeLeft UIInterfaceOrientationLandscapeRight";
				LD_RUNPATH_SEARCH_PATHS = (
					"$(inherited)",
					"@executable_path/Frameworks",
				);
				MARKETING_VERSION = 1.0;
				PRODUCT_BUNDLE_IDENTIFIER = com.giovannamoeller.Vollmed;
				PRODUCT_NAME = "$(TARGET_NAME)";
				SWIFT_EMIT_LOC_STRINGS = YES;
				SWIFT_VERSION = 5.0;
				TARGETED_DEVICE_FAMILY = "1,2";
			};
			name = Debug;
		};
		48539DF92AB0F47D005BD7C9 /* Release */ = {
			isa = XCBuildConfiguration;
			buildSettings = {
				ASSETCATALOG_COMPILER_APPICON_NAME = AppIcon;
				ASSETCATALOG_COMPILER_GLOBAL_ACCENT_COLOR_NAME = AccentColor;
				CODE_SIGN_STYLE = Automatic;
				CURRENT_PROJECT_VERSION = 1;
				DEVELOPMENT_ASSET_PATHS = "\"Vollmed/Preview Content\"";
				DEVELOPMENT_TEAM = 4V85FNBTJU;
				ENABLE_PREVIEWS = YES;
				GENERATE_INFOPLIST_FILE = YES;
				INFOPLIST_KEY_UIApplicationSceneManifest_Generation = YES;
				INFOPLIST_KEY_UIApplicationSupportsIndirectInputEvents = YES;
				INFOPLIST_KEY_UILaunchScreen_Generation = YES;
				INFOPLIST_KEY_UISupportedInterfaceOrientations_iPad = "UIInterfaceOrientationPortrait UIInterfaceOrientationPortraitUpsideDown UIInterfaceOrientationLandscapeLeft UIInterfaceOrientationLandscapeRight";
				INFOPLIST_KEY_UISupportedInterfaceOrientations_iPhone = "UIInterfaceOrientationPortrait UIInterfaceOrientationLandscapeLeft UIInterfaceOrientationLandscapeRight";
				LD_RUNPATH_SEARCH_PATHS = (
					"$(inherited)",
					"@executable_path/Frameworks",
				);
				MARKETING_VERSION = 1.0;
				PRODUCT_BUNDLE_IDENTIFIER = com.giovannamoeller.Vollmed;
				PRODUCT_NAME = "$(TARGET_NAME)";
				SWIFT_EMIT_LOC_STRINGS = YES;
				SWIFT_VERSION = 5.0;
				TARGETED_DEVICE_FAMILY = "1,2";
			};
			name = Release;
		};
/* End XCBuildConfiguration section */

/* Begin XCConfigurationList section */
		48539DE42AB0F47C005BD7C9 /* Build configuration list for PBXProject "Vollmed" */ = {
			isa = XCConfigurationList;
			buildConfigurations = (
				48539DF52AB0F47D005BD7C9 /* Debug */,
				48539DF62AB0F47D005BD7C9 /* Release */,
			);
			defaultConfigurationIsVisible = 0;
			defaultConfigurationName = Release;
		};
		48539DF72AB0F47D005BD7C9 /* Build configuration list for PBXNativeTarget "Vollmed" */ = {
			isa = XCConfigurationList;
			buildConfigurations = (
				48539DF82AB0F47D005BD7C9 /* Debug */,
				48539DF92AB0F47D005BD7C9 /* Release */,
			);
			defaultConfigurationIsVisible = 0;
			defaultConfigurationName = Release;
		};
/* End XCConfigurationList section */
	};
	rootObject = 48539DE12AB0F47C005BD7C9 /* Project object */;
}
